// !$*UTF8*$!
{
	archiveVersion = 1;
	classes = {
	};
	objectVersion = 46;
	objects = {

/* Begin PBXBuildFile section */
		35A7F1A51E0B1F660008B1EB /* main.m in Sources */ = {isa = PBXBuildFile; fileRef = 35A7F1A41E0B1F660008B1EB /* main.m */; };
		35A7F1A81E0B1F660008B1EB /* AppDelegate.m in Sources */ = {isa = PBXBuildFile; fileRef = 35A7F1A71E0B1F660008B1EB /* AppDelegate.m */; };
		35A7F1AB1E0B1F660008B1EB /* ViewController.m in Sources */ = {isa = PBXBuildFile; fileRef = 35A7F1AA1E0B1F660008B1EB /* ViewController.m */; };
		35A7F1AE1E0B1F660008B1EB /* Main.storyboard in Resources */ = {isa = PBXBuildFile; fileRef = 35A7F1AC1E0B1F660008B1EB /* Main.storyboard */; };
		35A7F1B01E0B1F660008B1EB /* Assets.xcassets in Resources */ = {isa = PBXBuildFile; fileRef = 35A7F1AF1E0B1F660008B1EB /* Assets.xcassets */; };
		35A7F1B31E0B1F660008B1EB /* LaunchScreen.storyboard in Resources */ = {isa = PBXBuildFile; fileRef = 35A7F1B11E0B1F660008B1EB /* LaunchScreen.storyboard */; };
/* End PBXBuildFile section */

/* Begin PBXFileReference section */
		35A7F1A01E0B1F660008B1EB /* WatchConnectivityBug.app */ = {isa = PBXFileReference; explicitFileType = wrapper.application; includeInIndex = 0; path = WatchConnectivityBug.app; sourceTree = BUILT_PRODUCTS_DIR; };
		35A7F1A41E0B1F660008B1EB /* main.m */ = {isa = PBXFileReference; lastKnownFileType = sourcecode.c.objc; path = main.m; sourceTree = "<group>"; };
		35A7F1A61E0B1F660008B1EB /* AppDelegate.h */ = {isa = PBXFileReference; lastKnownFileType = sourcecode.c.h; path = AppDelegate.h; sourceTree = "<group>"; };
		35A7F1A71E0B1F660008B1EB /* AppDelegate.m */ = {isa = PBXFileReference; lastKnownFileType = sourcecode.c.objc; path = AppDelegate.m; sourceTree = "<group>"; };
		35A7F1A91E0B1F660008B1EB /* ViewController.h */ = {isa = PBXFileReference; lastKnownFileType = sourcecode.c.h; path = ViewController.h; sourceTree = "<group>"; };
		35A7F1AA1E0B1F660008B1EB /* ViewController.m */ = {isa = PBXFileReference; lastKnownFileType = sourcecode.c.objc; path = ViewController.m; sourceTree = "<group>"; };
		35A7F1AD1E0B1F660008B1EB /* Base */ = {isa = PBXFileReference; lastKnownFileType = file.storyboard; name = Base; path = Base.lproj/Main.storyboard; sourceTree = "<group>"; };
		35A7F1AF1E0B1F660008B1EB /* Assets.xcassets */ = {isa = PBXFileReference; lastKnownFileType = folder.assetcatalog; path = Assets.xcassets; sourceTree = "<group>"; };
		35A7F1B21E0B1F660008B1EB /* Base */ = {isa = PBXFileReference; lastKnownFileType = file.storyboard; name = Base; path = Base.lproj/LaunchScreen.storyboard; sourceTree = "<group>"; };
		35A7F1B41E0B1F660008B1EB /* Info.plist */ = {isa = PBXFileReference; lastKnownFileType = text.plist.xml; path = Info.plist; sourceTree = "<group>"; };
/* End PBXFileReference section */

/* Begin PBXFrameworksBuildPhase section */
		35A7F19D1E0B1F660008B1EB /* Frameworks */ = {
			isa = PBXFrameworksBuildPhase;
			buildActionMask = 2147483647;
			files = (
			);
			runOnlyForDeploymentPostprocessing = 0;
		};
/* End PBXFrameworksBuildPhase section */

/* Begin PBXGroup section */
		35A7F1971E0B1F660008B1EB = {
			isa = PBXGroup;
			children = (
				35A7F1A21E0B1F660008B1EB /* WatchConnectivityBug */,
				35A7F1A11E0B1F660008B1EB /* Products */,
			);
			sourceTree = "<group>";
		};
		35A7F1A11E0B1F660008B1EB /* Products */ = {
			isa = PBXGroup;
			children = (
				35A7F1A01E0B1F660008B1EB /* WatchConnectivityBug.app */,
			);
			name = Products;
			sourceTree = "<group>";
		};
		35A7F1A21E0B1F660008B1EB /* WatchConnectivityBug */ = {
			isa = PBXGroup;
			children = (
				35A7F1A61E0B1F660008B1EB /* AppDelegate.h */,
				35A7F1A71E0B1F660008B1EB /* AppDelegate.m */,
				35A7F1A91E0B1F660008B1EB /* ViewController.h */,
				35A7F1AA1E0B1F660008B1EB /* ViewController.m */,
				35A7F1AC1E0B1F660008B1EB /* Main.storyboard */,
				35A7F1AF1E0B1F660008B1EB /* Assets.xcassets */,
				35A7F1B11E0B1F660008B1EB /* LaunchScreen.storyboard */,
				35A7F1B41E0B1F660008B1EB /* Info.plist */,
				35A7F1A31E0B1F660008B1EB /* Supporting Files */,
			);
			path = WatchConnectivityBug;
			sourceTree = "<group>";
		};
		35A7F1A31E0B1F660008B1EB /* Supporting Files */ = {
			isa = PBXGroup;
			children = (
				35A7F1A41E0B1F660008B1EB /* main.m */,
			);
			name = "Supporting Files";
			sourceTree = "<group>";
		};
/* End PBXGroup section */

/* Begin PBXNativeTarget section */
		35A7F19F1E0B1F660008B1EB /* WatchConnectivityBug */ = {
			isa = PBXNativeTarget;
			buildConfigurationList = 35A7F1B71E0B1F660008B1EB /* Build configuration list for PBXNativeTarget "WatchConnectivityBug" */;
			buildPhases = (
				35A7F19C1E0B1F660008B1EB /* Sources */,
				35A7F19D1E0B1F660008B1EB /* Frameworks */,
				35A7F19E1E0B1F660008B1EB /* Resources */,
			);
			buildRules = (
			);
			dependencies = (
			);
			name = WatchConnectivityBug;
			productName = WatchConnectivityBug;
			productReference = 35A7F1A01E0B1F660008B1EB /* WatchConnectivityBug.app */;
			productType = "com.apple.product-type.application";
		};
/* End PBXNativeTarget section */

/* Begin PBXProject section */
		35A7F1981E0B1F660008B1EB /* Project object */ = {
			isa = PBXProject;
			attributes = {
				LastUpgradeCheck = 0820;
				ORGANIZATIONNAME = MattRobinson;
				TargetAttributes = {
					35A7F19F1E0B1F660008B1EB = {
						CreatedOnToolsVersion = 8.2;
						DevelopmentTeam = 4BUN5KYSBN;
						ProvisioningStyle = Automatic;
					};
				};
			};
			buildConfigurationList = 35A7F19B1E0B1F660008B1EB /* Build configuration list for PBXProject "WatchConnectivityBug" */;
			compatibilityVersion = "Xcode 3.2";
			developmentRegion = English;
			hasScannedForEncodings = 0;
			knownRegions = (
				en,
				Base,
			);
			mainGroup = 35A7F1971E0B1F660008B1EB;
			productRefGroup = 35A7F1A11E0B1F660008B1EB /* Products */;
			projectDirPath = "";
			projectRoot = "";
			targets = (
				35A7F19F1E0B1F660008B1EB /* WatchConnectivityBug */,
			);
		};
/* End PBXProject section */

/* Begin PBXResourcesBuildPhase section */
		35A7F19E1E0B1F660008B1EB /* Resources */ = {
			isa = PBXResourcesBuildPhase;
			buildActionMask = 2147483647;
			files = (
				35A7F1B31E0B1F660008B1EB /* LaunchScreen.storyboard in Resources */,
				35A7F1B01E0B1F660008B1EB /* Assets.xcassets in Resources */,
				35A7F1AE1E0B1F660008B1EB /* Main.storyboard in Resources */,
			);
			runOnlyForDeploymentPostprocessing = 0;
		};
/* End PBXResourcesBuildPhase section */

/* Begin PBXSourcesBuildPhase section */
		35A7F19C1E0B1F660008B1EB /* Sources */ = {
			isa = PBXSourcesBuildPhase;
			buildActionMask = 2147483647;
			files = (
				35A7F1AB1E0B1F660008B1EB /* ViewController.m in Sources */,
				35A7F1A81E0B1F660008B1EB /* AppDelegate.m in Sources */,
				35A7F1A51E0B1F660008B1EB /* main.m in Sources */,
			);
			runOnlyForDeploymentPostprocessing = 0;
		};
/* End PBXSourcesBuildPhase section */

/* Begin PBXVariantGroup section */
		35A7F1AC1E0B1F660008B1EB /* Main.storyboard */ = {
			isa = PBXVariantGroup;
			children = (
				35A7F1AD1E0B1F660008B1EB /* Base */,
			);
			name = Main.storyboard;
			sourceTree = "<group>";
		};
		35A7F1B11E0B1F660008B1EB /* LaunchScreen.storyboard */ = {
			isa = PBXVariantGroup;
			children = (
				35A7F1B21E0B1F660008B1EB /* Base */,
			);
			name = LaunchScreen.storyboard;
			sourceTree = "<group>";
		};
/* End PBXVariantGroup section */

/* Begin XCBuildConfiguration section */
		35A7F1B51E0B1F660008B1EB /* Debug */ = {
			isa = XCBuildConfiguration;
			buildSettings = {
				ALWAYS_SEARCH_USER_PATHS = NO;
				CLANG_ANALYZER_NONNULL = YES;
				CLANG_CXX_LANGUAGE_STANDARD = "gnu++0x";
				CLANG_CXX_LIBRARY = "libc++";
				CLANG_ENABLE_MODULES = YES;
				CLANG_ENABLE_OBJC_ARC = YES;
				CLANG_WARN_BOOL_CONVERSION = YES;
				CLANG_WARN_CONSTANT_CONVERSION = YES;
				CLANG_WARN_DIRECT_OBJC_ISA_USAGE = YES_ERROR;
				CLANG_WARN_DOCUMENTATION_COMMENTS = YES;
				CLANG_WARN_EMPTY_BODY = YES;
				CLANG_WARN_ENUM_CONVERSION = YES;
				CLANG_WARN_INFINITE_RECURSION = YES;
				CLANG_WARN_INT_CONVERSION = YES;
				CLANG_WARN_OBJC_ROOT_CLASS = YES_ERROR;
				CLANG_WARN_SUSPICIOUS_MOVE = YES;
				CLANG_WARN_UNREACHABLE_CODE = YES;
				CLANG_WARN__DUPLICATE_METHOD_MATCH = YES;
				"CODE_SIGN_IDENTITY[sdk=iphoneos*]" = "iPhone Developer";
				COPY_PHASE_STRIP = NO;
				DEBUG_INFORMATION_FORMAT = dwarf;
				ENABLE_STRICT_OBJC_MSGSEND = YES;
				ENABLE_TESTABILITY = YES;
				GCC_C_LANGUAGE_STANDARD = gnu99;
				GCC_DYNAMIC_NO_PIC = NO;
				GCC_NO_COMMON_BLOCKS = YES;
				GCC_OPTIMIZATION_LEVEL = 0;
				GCC_PREPROCESSOR_DEFINITIONS = (
					"DEBUG=1",
					"$(inherited)",
				);
				GCC_WARN_64_TO_32_BIT_CONVERSION = YES;
				GCC_WARN_ABOUT_RETURN_TYPE = YES_ERROR;
				GCC_WARN_UNDECLARED_SELECTOR = YES;
				GCC_WARN_UNINITIALIZED_AUTOS = YES_AGGRESSIVE;
				GCC_WARN_UNUSED_FUNCTION = YES;
				GCC_WARN_UNUSED_VARIABLE = YES;
				IPHONEOS_DEPLOYMENT_TARGET = 10.2;
				MTL_ENABLE_DEBUG_INFO = YES;
				ONLY_ACTIVE_ARCH = YES;
				SDKROOT = iphoneos;
			};
			name = Debug;
		};
		35A7F1B61E0B1F660008B1EB /* Release */ = {
			isa = XCBuildConfiguration;
			buildSettings = {
				ALWAYS_SEARCH_USER_PATHS = NO;
				CLANG_ANALYZER_NONNULL = YES;
				CLANG_CXX_LANGUAGE_STANDARD = "gnu++0x";
				CLANG_CXX_LIBRARY = "libc++";
				CLANG_ENABLE_MODULES = YES;
				CLANG_ENABLE_OBJC_ARC = YES;
				CLANG_WARN_BOOL_CONVERSION = YES;
				CLANG_WARN_CONSTANT_CONVERSION = YES;
				CLANG_WARN_DIRECT_OBJC_ISA_USAGE = YES_ERROR;
				CLANG_WARN_DOCUMENTATION_COMMENTS = YES;
				CLANG_WARN_EMPTY_BODY = YES;
				CLANG_WARN_ENUM_CONVERSION = YES;
				CLANG_WARN_INFINITE_RECURSION = YES;
				CLANG_WARN_INT_CONVERSION = YES;
				CLANG_WARN_OBJC_ROOT_CLASS = YES_ERROR;
				CLANG_WARN_SUSPICIOUS_MOVE = YES;
				CLANG_WARN_UNREACHABLE_CODE = YES;
				CLANG_WARN__DUPLICATE_METHOD_MATCH = YES;
				"CODE_SIGN_IDENTITY[sdk=iphoneos*]" = "iPhone Developer";
				COPY_PHASE_STRIP = NO;
				DEBUG_INFORMATION_FORMAT = "dwarf-with-dsym";
				ENABLE_NS_ASSERTIONS = NO;
				ENABLE_STRICT_OBJC_MSGSEND = YES;
				GCC_C_LANGUAGE_STANDARD = gnu99;
				GCC_NO_COMMON_BLOCKS = YES;
				GCC_WARN_64_TO_32_BIT_CONVERSION = YES;
				GCC_WARN_ABOUT_RETURN_TYPE = YES_ERROR;
				GCC_WARN_UNDECLARED_SELECTOR = YES;
				GCC_WARN_UNINITIALIZED_AUTOS = YES_AGGRESSIVE;
				GCC_WARN_UNUSED_FUNCTION = YES;
				GCC_WARN_UNUSED_VARIABLE = YES;
				IPHONEOS_DEPLOYMENT_TARGET = 10.2;
				MTL_ENABLE_DEBUG_INFO = NO;
				SDKROOT = iphoneos;
				VALIDATE_PRODUCT = YES;
			};
			name = Release;
		};
		35A7F1B81E0B1F660008B1EB /* Debug */ = {
			isa = XCBuildConfiguration;
			buildSettings = {
				ASSETCATALOG_COMPILER_APPICON_NAME = AppIcon;
				DEVELOPMENT_TEAM = 4BUN5KYSBN;
				INFOPLIST_FILE = WatchConnectivityBug/Info.plist;
				LD_RUNPATH_SEARCH_PATHS = "$(inherited) @executable_path/Frameworks";
				PRODUCT_BUNDLE_IDENTIFIER = com.MattRobinson.WatchConnectivityBug;
				PRODUCT_NAME = "$(TARGET_NAME)";
			};
			name = Debug;
		};
		35A7F1B91E0B1F660008B1EB /* Release */ = {
			isa = XCBuildConfiguration;
			buildSettings = {
				ASSETCATALOG_COMPILER_APPICON_NAME = AppIcon;
				DEVELOPMENT_TEAM = 4BUN5KYSBN;
				INFOPLIST_FILE = WatchConnectivityBug/Info.plist;
				LD_RUNPATH_SEARCH_PATHS = "$(inherited) @executable_path/Frameworks";
				PRODUCT_BUNDLE_IDENTIFIER = com.MattRobinson.WatchConnectivityBug;
				PRODUCT_NAME = "$(TARGET_NAME)";
			};
			name = Release;
		};
/* End XCBuildConfiguration section */

/* Begin XCConfigurationList section */
		35A7F19B1E0B1F660008B1EB /* Build configuration list for PBXProject "WatchConnectivityBug" */ = {
			isa = XCConfigurationList;
			buildConfigurations = (
				35A7F1B51E0B1F660008B1EB /* Debug */,
				35A7F1B61E0B1F660008B1EB /* Release */,
			);
			defaultConfigurationIsVisible = 0;
			defaultConfigurationName = Release;
		};
		35A7F1B71E0B1F660008B1EB /* Build configuration list for PBXNativeTarget "WatchConnectivityBug" */ = {
			isa = XCConfigurationList;
			buildConfigurations = (
				35A7F1B81E0B1F660008B1EB /* Debug */,
				35A7F1B91E0B1F660008B1EB /* Release */,
			);
			defaultConfigurationIsVisible = 0;
		};
/* End XCConfigurationList section */
	};
	rootObject = 35A7F1981E0B1F660008B1EB /* Project object */;
}
